
Microsoft Visual Studio Solution File, Format Version 12.00
# Visual Studio Version 17
VisualStudioVersion = 17.4.33213.308
MinimumVisualStudioVersion = 10.0.40219.1
Project("{FAE04EC0-301F-11D3-BF4B-00C04F79EFBC}") = "MagicVilla_VillaAPI", "MagicVilla_VillaAPI\MagicVilla_VillaAPI.csproj", "{0E97ECD9-2EB7-46FF-B95B-AA097D1AC7A9}"
EndProject
Global
	GlobalSection(SolutionConfigurationPlatforms) = preSolution
		Debug|Any CPU = Debug|Any CPU
		Release|Any CPU = Release|Any CPU
	EndGlobalSection
	GlobalSection(ProjectConfigurationPlatforms) = postSolution
		{0E97ECD9-2EB7-46FF-B95B-AA097D1AC7A9}.Debug|Any CPU.ActiveCfg = Debug|Any CPU
		{0E97ECD9-2EB7-46FF-B95B-AA097D1AC7A9}.Debug|Any CPU.Build.0 = Debug|Any CPU
		{0E97ECD9-2EB7-46FF-B95B-AA097D1AC7A9}.Release|Any CPU.ActiveCfg = Release|Any CPU
		{0E97ECD9-2EB7-46FF-B95B-AA097D1AC7A9}.Release|Any CPU.Build.0 = Release|Any CPU
	EndGlobalSection
	GlobalSection(SolutionProperties) = preSolution
		HideSolutionNode = FALSE
	EndGlobalSection
	GlobalSection(ExtensibilityGlobals) = postSolution
		SolutionGuid = {AECFDB2E-C186-4701-A6F6-CB0D63698623}
	EndGlobalSection
EndGlobal
